
Microsoft Visual Studio Solution File, Format Version 12.00
# Visual Studio 14
VisualStudioVersion = 14.0.24720.0
MinimumVisualStudioVersion = 10.0.40219.1
Project("{FAE04EC0-301F-11D3-BF4B-00C04F79EFBC}") = "Helpfulcore.Wildcards", "Helpfulcore.Wildcards\Helpfulcore.Wildcards.csproj", "{63DAFD33-B494-472A-80B7-E1FA4FA0BDAB}"
EndProject
Global
	GlobalSection(SolutionConfigurationPlatforms) = preSolution
		Debug|Any CPU = Debug|Any CPU
		Release|Any CPU = Release|Any CPU
	EndGlobalSection
	GlobalSection(ProjectConfigurationPlatforms) = postSolution
		{63DAFD33-B494-472A-80B7-E1FA4FA0BDAB}.Debug|Any CPU.ActiveCfg = Debug|Any CPU
		{63DAFD33-B494-472A-80B7-E1FA4FA0BDAB}.Debug|Any CPU.Build.0 = Debug|Any CPU
		{63DAFD33-B494-472A-80B7-E1FA4FA0BDAB}.Release|Any CPU.ActiveCfg = Release|Any CPU
		{63DAFD33-B494-472A-80B7-E1FA4FA0BDAB}.Release|Any CPU.Build.0 = Release|Any CPU
	EndGlobalSection
	GlobalSection(SolutionProperties) = preSolution
		HideSolutionNode = FALSE
	EndGlobalSection
EndGlobal
